
Microsoft Visual Studio Solution File, Format Version 12.00
# Visual Studio Version 17
VisualStudioVersion = 17.10.34928.147
MinimumVisualStudioVersion = 10.0.40219.1
Project("{FAE04EC0-301F-11D3-BF4B-00C04F79EFBC}") = "E-Vote", "E-Vote.csproj", "{6FA1CAE3-AAAC-4F85-A461-02AAEC8FB62B}"
EndProject
Global
	GlobalSection(SolutionConfigurationPlatforms) = preSolution
		Debug|Any CPU = Debug|Any CPU
		Release|Any CPU = Release|Any CPU
	EndGlobalSection
	GlobalSection(ProjectConfigurationPlatforms) = postSolution
		{6FA1CAE3-AAAC-4F85-A461-02AAEC8FB62B}.Debug|Any CPU.ActiveCfg = Debug|Any CPU
		{6FA1CAE3-AAAC-4F85-A461-02AAEC8FB62B}.Debug|Any CPU.Build.0 = Debug|Any CPU
		{6FA1CAE3-AAAC-4F85-A461-02AAEC8FB62B}.Release|Any CPU.ActiveCfg = Release|Any CPU
		{6FA1CAE3-AAAC-4F85-A461-02AAEC8FB62B}.Release|Any CPU.Build.0 = Release|Any CPU
	EndGlobalSection
	GlobalSection(SolutionProperties) = preSolution
		HideSolutionNode = FALSE
	EndGlobalSection
	GlobalSection(ExtensibilityGlobals) = postSolution
		SolutionGuid = {5FCC0697-8DD6-40FC-94A9-2A2D77057B3F}
	EndGlobalSection
EndGlobal
